
Microsoft Visual Studio Solution File, Format Version 12.00
# Visual Studio 14
VisualStudioVersion = 14.0.24720.0
MinimumVisualStudioVersion = 10.0.40219.1
Project("{FAE04EC0-301F-11D3-BF4B-00C04F79EFBC}") = "BudgetManagerLibrary", "BudgetManagerLibrary\BudgetManagerLibrary.csproj", "{30F90F8B-8439-474D-8B62-E99BD71A5EEF}"
EndProject
Project("{FAE04EC0-301F-11D3-BF4B-00C04F79EFBC}") = "BudgetManagerWinForms", "..\BudgetManagerWinForms\BudgetManagerWinForms\BudgetManagerWinForms\BudgetManagerWinForms.csproj", "{7862C27E-9DAD-4E7A-9360-6D0ADA68C556}"
EndProject
Global
	GlobalSection(SolutionConfigurationPlatforms) = preSolution
		Debug|Any CPU = Debug|Any CPU
		Release|Any CPU = Release|Any CPU
	EndGlobalSection
	GlobalSection(ProjectConfigurationPlatforms) = postSolution
		{30F90F8B-8439-474D-8B62-E99BD71A5EEF}.Debug|Any CPU.ActiveCfg = Debug|Any CPU
		{30F90F8B-8439-474D-8B62-E99BD71A5EEF}.Debug|Any CPU.Build.0 = Debug|Any CPU
		{30F90F8B-8439-474D-8B62-E99BD71A5EEF}.Release|Any CPU.ActiveCfg = Release|Any CPU
		{30F90F8B-8439-474D-8B62-E99BD71A5EEF}.Release|Any CPU.Build.0 = Release|Any CPU
		{7862C27E-9DAD-4E7A-9360-6D0ADA68C556}.Debug|Any CPU.ActiveCfg = Debug|Any CPU
		{7862C27E-9DAD-4E7A-9360-6D0ADA68C556}.Debug|Any CPU.Build.0 = Debug|Any CPU
		{7862C27E-9DAD-4E7A-9360-6D0ADA68C556}.Release|Any CPU.ActiveCfg = Release|Any CPU
		{7862C27E-9DAD-4E7A-9360-6D0ADA68C556}.Release|Any CPU.Build.0 = Release|Any CPU
	EndGlobalSection
	GlobalSection(SolutionProperties) = preSolution
		HideSolutionNode = FALSE
	EndGlobalSection
EndGlobal
